
Microsoft Visual Studio Solution File, Format Version 12.00
# Visual Studio 15
VisualStudioVersion = 15.0.27703.2026
MinimumVisualStudioVersion = 10.0.40219.1
Project("{FAE04EC0-301F-11D3-BF4B-00C04F79EFBC}") = "ders7-radioButton--MenuStrip", "ders7-radioButton--MenuStrip\ders7-radioButton--MenuStrip.csproj", "{3E7750A3-26DB-4DD1-881F-1695F7E2043E}"
EndProject
Project("{FAE04EC0-301F-11D3-BF4B-00C04F79EFBC}") = "Radiobutton", "Radiobutton\Radiobutton.csproj", "{21814EAB-4B2C-4D19-AA09-7F86266A3EC6}"
EndProject
Project("{FAE04EC0-301F-11D3-BF4B-00C04F79EFBC}") = "MenuStrip", "MenuStrip\MenuStrip.csproj", "{77651F66-6B87-4983-A953-27A32BB6AAC6}"
EndProject
Global
	GlobalSection(SolutionConfigurationPlatforms) = preSolution
		Debug|Any CPU = Debug|Any CPU
		Release|Any CPU = Release|Any CPU
	EndGlobalSection
	GlobalSection(ProjectConfigurationPlatforms) = postSolution
		{3E7750A3-26DB-4DD1-881F-1695F7E2043E}.Debug|Any CPU.ActiveCfg = Debug|Any CPU
		{3E7750A3-26DB-4DD1-881F-1695F7E2043E}.Debug|Any CPU.Build.0 = Debug|Any CPU
		{3E7750A3-26DB-4DD1-881F-1695F7E2043E}.Release|Any CPU.ActiveCfg = Release|Any CPU
		{3E7750A3-26DB-4DD1-881F-1695F7E2043E}.Release|Any CPU.Build.0 = Release|Any CPU
		{21814EAB-4B2C-4D19-AA09-7F86266A3EC6}.Debug|Any CPU.ActiveCfg = Debug|Any CPU
		{21814EAB-4B2C-4D19-AA09-7F86266A3EC6}.Debug|Any CPU.Build.0 = Debug|Any CPU
		{21814EAB-4B2C-4D19-AA09-7F86266A3EC6}.Release|Any CPU.ActiveCfg = Release|Any CPU
		{21814EAB-4B2C-4D19-AA09-7F86266A3EC6}.Release|Any CPU.Build.0 = Release|Any CPU
		{77651F66-6B87-4983-A953-27A32BB6AAC6}.Debug|Any CPU.ActiveCfg = Debug|Any CPU
		{77651F66-6B87-4983-A953-27A32BB6AAC6}.Debug|Any CPU.Build.0 = Debug|Any CPU
		{77651F66-6B87-4983-A953-27A32BB6AAC6}.Release|Any CPU.ActiveCfg = Release|Any CPU
		{77651F66-6B87-4983-A953-27A32BB6AAC6}.Release|Any CPU.Build.0 = Release|Any CPU
	EndGlobalSection
	GlobalSection(SolutionProperties) = preSolution
		HideSolutionNode = FALSE
	EndGlobalSection
	GlobalSection(ExtensibilityGlobals) = postSolution
		SolutionGuid = {8EEB20AA-C136-4846-97DD-23783E772563}
	EndGlobalSection
EndGlobal
