
Microsoft Visual Studio Solution File, Format Version 12.00
# Visual Studio 15
VisualStudioVersion = 15.0.27703.2026
MinimumVisualStudioVersion = 10.0.40219.1
Project("{FAE04EC0-301F-11D3-BF4B-00C04F79EFBC}") = "4buyuklerTURNAVA", "4buyuklerTURNAVA\4buyuklerTURNAVA.csproj", "{BAE411FF-1109-4B7E-A411-2D244A2F0B0E}"
EndProject
Global
	GlobalSection(SolutionConfigurationPlatforms) = preSolution
		Debug|Any CPU = Debug|Any CPU
		Release|Any CPU = Release|Any CPU
	EndGlobalSection
	GlobalSection(ProjectConfigurationPlatforms) = postSolution
		{BAE411FF-1109-4B7E-A411-2D244A2F0B0E}.Debug|Any CPU.ActiveCfg = Debug|Any CPU
		{BAE411FF-1109-4B7E-A411-2D244A2F0B0E}.Debug|Any CPU.Build.0 = Debug|Any CPU
		{BAE411FF-1109-4B7E-A411-2D244A2F0B0E}.Release|Any CPU.ActiveCfg = Release|Any CPU
		{BAE411FF-1109-4B7E-A411-2D244A2F0B0E}.Release|Any CPU.Build.0 = Release|Any CPU
	EndGlobalSection
	GlobalSection(SolutionProperties) = preSolution
		HideSolutionNode = FALSE
	EndGlobalSection
	GlobalSection(ExtensibilityGlobals) = postSolution
		SolutionGuid = {94167106-B0E3-46B5-963E-16421AC3F2F8}
	EndGlobalSection
EndGlobal
